github.com/bwmarrin/discordgo v0.23.2 h1:BzrtTktixGHIu9Tt7dEE6diysEF9HWnXeHuoJEt2fH4=
github.com/bwmarrin/discordgo v0.23.2/go.mod h1:c1WtWUGN6nREDmzIpyTp/iD3VYt4Fpx+bVyfBG7JE+M=
github.com/gorilla/websocket v1.4.0 h1:WDFjx/TMzVgy9VdMMQi2K2Emtwi2QcUQsztZ/zLaH/Q=
github.com/gorilla/websocket v1.4.0/go.mod h1:E7qHFY5m1UJ88s3WnNqhKjPHQ0heANvMoAMk2YaljkQ=
github.com/gorilla/websocket v1.4.2 h1:+/TMaTYc4QFitKJxsQ7Yye35DkWvkdLcvGKqM+x0Ufc=
github.com/gorilla/websocket v1.4.2/go.mod h1:YR8l580nyteQvAITg2hZ9XVh4b55+EU/adAjf1fMHhE=
github.com/hands8142/discord-handler v0.0.0-20211030014902-e4e353596af6 h1:AqiO8gEbVkanNL2svvsZRTpwHTpP2u154YNKwJ9Zqno=
github.com/hands8142/discord-handler v0.0.0-20211030014902-e4e353596af6/go.mod h1:Ekuyb4Eo5vMQKed5+jqbBHfzeoyPc32FOfYDm8WiLoo=
github.com/hands8142/discordHandler v0.0.0-20211030015839-e4f1c037a32d h1:rh8SI1DFmy7DmPlyDfNNzgI7/NLFynSvkeNSp4i+WmY=
github.com/hands8142/discordHandler v0.0.0-20211030015839-e4f1c037a32d/go.mod h1:/V+hLIjLn3VA+6dFswr+Wp/k4tnIvH3bFqTO6rJe2mg=
github.com/hands8142/discordHandler v0.0.0-20211030022113-c84a794329bf h1:ICmYkK7MKrqCEMng1jG/YSg4iSJr82BAjwU0AWcaDZI=
github.com/hands8142/discordHandler v0.0.0-20211030022113-c84a794329bf/go.mod h1:/V+hLIjLn3VA+6dFswr+Wp/k4tnIvH3bFqTO6rJe2mg=
github.com/hands8142/discordhandler v0.0.0-20211030024540-addda7a46d6f h1:nVQLamZ4EukAdqBmY9uE+T4lcVuCMCSl6wMcteI6j6w=
github.com/hands8142/discordhandler v0.0.0-20211030024540-addda7a46d6f/go.mod h1:QWGVdZsaz7AGn3bMSAzmwNXVrbBUkG3kehGrMbFe8gk=
github.com/hands8142/discordhandler v1.0.0 h1:JbfEw913QrNZQiT37FxUkRKbrxm8Gf3jpeGRMnyb5o4=
github.com/hands8142/discordhandler v1.0.0/go.mod h1:QWGVdZsaz7AGn3bMSAzmwNXVrbBUkG3kehGrMbFe8gk=
github.com/hands8142/discordhandler v1.1.0 h1:TucHOnE0tseHgaBEpK6+SEqUuAtrWTqWP7HNJrjFYr0=
github.com/hands8142/discordhandler v1.1.0/go.mod h1:QWGVdZsaz7AGn3bMSAzmwNXVrbBUkG3kehGrMbFe8gk=
golang.org/x/crypto v0.0.0-20181030102418-4d3f4d9ffa16 h1:y6ce7gCWtnH+m3dCjzQ1PCuwl28DDIc3VNnvY29DlIA=
golang.org/x/crypto v0.0.0-20181030102418-4d3f4d9ffa16/go.mod h1:6SG95UA2DQfeDnfUPMdvaQW0Q7yPrPDi9nlGo2tz2b4=
golang.org/x/crypto v0.0.0-20210921155107-089bfa567519 h1:7I4JAnoQBe7ZtJcBaYHi5UtiO8tQHbUSXxL+pnGRANg=
golang.org/x/crypto v0.0.0-20210921155107-089bfa567519/go.mod h1:GvvjBRRGRdwPK5ydBHafDWAxML/pGHZbMvKqRZ5+Abc=
golang.org/x/sys v0.0.0-20210615035016-665e8c7367d1 h1:SrN+KX8Art/Sf4HNj6Zcz06G7VEz+7w9tdXTPOZ7+l4=
golang.org/x/sys v0.0.0-20210615035016-665e8c7367d1/go.mod h1:oPkhp1MJrh7nUepCBck5+mAzfO9JrbApNNgaTdGDITg=
golang.org/x/sys v0.0.0-20211029165221-6e7872819dc8 h1:M69LAlWZCshgp0QSzyDcSsSIejIEeuaCVpmwcKwyLMk=
golang.org/x/sys v0.0.0-20211029165221-6e7872819dc8/go.mod h1:oPkhp1MJrh7nUepCBck5+mAzfO9JrbApNNgaTdGDITg=
